// !$*UTF8*$!
{
	archiveVersion = 1;
	classes = {
	};
	objectVersion = 77;
	objects = {

/* Begin PBXContainerItemProxy section */
		BAB6FF0F2DA9F9B60089DCE7 /* PBXContainerItemProxy */ = {
			isa = PBXContainerItemProxy;
			containerPortal = BAB6FEF62DA9F9B40089DCE7 /* Project object */;
			proxyType = 1;
			remoteGlobalIDString = BAB6FEFD2DA9F9B40089DCE7;
			remoteInfo = "My Epoch";
		};
		BAB6FF192DA9F9B60089DCE7 /* PBXContainerItemProxy */ = {
			isa = PBXContainerItemProxy;
			containerPortal = BAB6FEF62DA9F9B40089DCE7 /* Project object */;
			proxyType = 1;
			remoteGlobalIDString = BAB6FEFD2DA9F9B40089DCE7;
			remoteInfo = "My Epoch";
		};
/* End PBXContainerItemProxy section */

/* Begin PBXFileReference section */
		BAB6FEFE2DA9F9B40089DCE7 /* My Epoch.app */ = {isa = PBXFileReference; explicitFileType = wrapper.application; includeInIndex = 0; path = "My Epoch.app"; sourceTree = BUILT_PRODUCTS_DIR; };
		BAB6FF0E2DA9F9B60089DCE7 /* My EpochTests.xctest */ = {isa = PBXFileReference; explicitFileType = wrapper.cfbundle; includeInIndex = 0; path = "My EpochTests.xctest"; sourceTree = BUILT_PRODUCTS_DIR; };
		BAB6FF182DA9F9B60089DCE7 /* My EpochUITests.xctest */ = {isa = PBXFileReference; explicitFileType = wrapper.cfbundle; includeInIndex = 0; path = "My EpochUITests.xctest"; sourceTree = BUILT_PRODUCTS_DIR; };
/* End PBXFileReference section */

/* Begin PBXFileSystemSynchronizedRootGroup section */
		BAB6FF002DA9F9B40089DCE7 /* My Epoch */ = {
			isa = PBXFileSystemSynchronizedRootGroup;
			path = "My Epoch";
			sourceTree = "<group>";
		};
		BAB6FF112DA9F9B60089DCE7 /* My EpochTests */ = {
			isa = PBXFileSystemSynchronizedRootGroup;
			path = "My EpochTests";
			sourceTree = "<group>";
		};
		BAB6FF1B2DA9F9B60089DCE7 /* My EpochUITests */ = {
			isa = PBXFileSystemSynchronizedRootGroup;
			path = "My EpochUITests";
			sourceTree = "<group>";
		};
/* End PBXFileSystemSynchronizedRootGroup section */

/* Begin PBXFrameworksBuildPhase section */
		BAB6FEFB2DA9F9B40089DCE7 /* Frameworks */ = {
			isa = PBXFrameworksBuildPhase;
			buildActionMask = 2147483647;
			files = (
			);
			runOnlyForDeploymentPostprocessing = 0;
		};
		BAB6FF0B2DA9F9B60089DCE7 /* Frameworks */ = {
			isa = PBXFrameworksBuildPhase;
			buildActionMask = 2147483647;
			files = (
			);
			runOnlyForDeploymentPostprocessing = 0;
		};
		BAB6FF152DA9F9B60089DCE7 /* Frameworks */ = {
			isa = PBXFrameworksBuildPhase;
			buildActionMask = 2147483647;
			files = (
			);
			runOnlyForDeploymentPostprocessing = 0;
		};
/* End PBXFrameworksBuildPhase section */

/* Begin PBXGroup section */
		BAB6FEF52DA9F9B40089DCE7 = {
			isa = PBXGroup;
			children = (
				BAB6FF002DA9F9B40089DCE7 /* My Epoch */,
				BAB6FF112DA9F9B60089DCE7 /* My EpochTests */,
				BAB6FF1B2DA9F9B60089DCE7 /* My EpochUITests */,
				BAB6FEFF2DA9F9B40089DCE7 /* Products */,
			);
			sourceTree = "<group>";
		};
		BAB6FEFF2DA9F9B40089DCE7 /* Products */ = {
			isa = PBXGroup;
			children = (
				BAB6FEFE2DA9F9B40089DCE7 /* My Epoch.app */,
				BAB6FF0E2DA9F9B60089DCE7 /* My EpochTests.xctest */,
				BAB6FF182DA9F9B60089DCE7 /* My EpochUITests.xctest */,
			);
			name = Products;
			sourceTree = "<group>";
		};
/* End PBXGroup section */

/* Begin PBXNativeTarget section */
		BAB6FEFD2DA9F9B40089DCE7 /* My Epoch */ = {
			isa = PBXNativeTarget;
			buildConfigurationList = BAB6FF222DA9F9B60089DCE7 /* Build configuration list for PBXNativeTarget "My Epoch" */;
			buildPhases = (
				BAB6FEFA2DA9F9B40089DCE7 /* Sources */,
				BAB6FEFB2DA9F9B40089DCE7 /* Frameworks */,
				BAB6FEFC2DA9F9B40089DCE7 /* Resources */,
			);
			buildRules = (
			);
			dependencies = (
			);
			fileSystemSynchronizedGroups = (
				BAB6FF002DA9F9B40089DCE7 /* My Epoch */,
			);
			name = "My Epoch";
			packageProductDependencies = (
			);
			productName = "My Epoch";
			productReference = BAB6FEFE2DA9F9B40089DCE7 /* My Epoch.app */;
			productType = "com.apple.product-type.application";
		};
		BAB6FF0D2DA9F9B60089DCE7 /* My EpochTests */ = {
			isa = PBXNativeTarget;
			buildConfigurationList = BAB6FF252DA9F9B60089DCE7 /* Build configuration list for PBXNativeTarget "My EpochTests" */;
			buildPhases = (
				BAB6FF0A2DA9F9B60089DCE7 /* Sources */,
				BAB6FF0B2DA9F9B60089DCE7 /* Frameworks */,
				BAB6FF0C2DA9F9B60089DCE7 /* Resources */,
			);
			buildRules = (
			);
			dependencies = (
				BAB6FF102DA9F9B60089DCE7 /* PBXTargetDependency */,
			);
			fileSystemSynchronizedGroups = (
				BAB6FF112DA9F9B60089DCE7 /* My EpochTests */,
			);
			name = "My EpochTests";
			packageProductDependencies = (
			);
			productName = "My EpochTests";
			productReference = BAB6FF0E2DA9F9B60089DCE7 /* My EpochTests.xctest */;
			productType = "com.apple.product-type.bundle.unit-test";
		};
		BAB6FF172DA9F9B60089DCE7 /* My EpochUITests */ = {
			isa = PBXNativeTarget;
			buildConfigurationList = BAB6FF282DA9F9B60089DCE7 /* Build configuration list for PBXNativeTarget "My EpochUITests" */;
			buildPhases = (
				BAB6FF142DA9F9B60089DCE7 /* Sources */,
				BAB6FF152DA9F9B60089DCE7 /* Frameworks */,
				BAB6FF162DA9F9B60089DCE7 /* Resources */,
			);
			buildRules = (
			);
			dependencies = (
				BAB6FF1A2DA9F9B60089DCE7 /* PBXTargetDependency */,
			);
			fileSystemSynchronizedGroups = (
				BAB6FF1B2DA9F9B60089DCE7 /* My EpochUITests */,
			);
			name = "My EpochUITests";
			packageProductDependencies = (
			);
			productName = "My EpochUITests";
			productReference = BAB6FF182DA9F9B60089DCE7 /* My EpochUITests.xctest */;
			productType = "com.apple.product-type.bundle.ui-testing";
		};
/* End PBXNativeTarget section */

/* Begin PBXProject section */
		BAB6FEF62DA9F9B40089DCE7 /* Project object */ = {
			isa = PBXProject;
			attributes = {
				BuildIndependentTargetsInParallel = 1;
				LastSwiftUpdateCheck = 1620;
				LastUpgradeCheck = 1620;
				TargetAttributes = {
					BAB6FEFD2DA9F9B40089DCE7 = {
						CreatedOnToolsVersion = 16.2;
					};
					BAB6FF0D2DA9F9B60089DCE7 = {
						CreatedOnToolsVersion = 16.2;
						TestTargetID = BAB6FEFD2DA9F9B40089DCE7;
					};
					BAB6FF172DA9F9B60089DCE7 = {
						CreatedOnToolsVersion = 16.2;
						TestTargetID = BAB6FEFD2DA9F9B40089DCE7;
					};
				};
			};
			buildConfigurationList = BAB6FEF92DA9F9B40089DCE7 /* Build configuration list for PBXProject "My Epoch" */;
			developmentRegion = en;
			hasScannedForEncodings = 0;
			knownRegions = (
				en,
				Base,
			);
			mainGroup = BAB6FEF52DA9F9B40089DCE7;
			minimizedProjectReferenceProxies = 1;
			preferredProjectObjectVersion = 77;
			productRefGroup = BAB6FEFF2DA9F9B40089DCE7 /* Products */;
			projectDirPath = "";
			projectRoot = "";
			targets = (
				BAB6FEFD2DA9F9B40089DCE7 /* My Epoch */,
				BAB6FF0D2DA9F9B60089DCE7 /* My EpochTests */,
				BAB6FF172DA9F9B60089DCE7 /* My EpochUITests */,
			);
		};
/* End PBXProject section */

/* Begin PBXResourcesBuildPhase section */
		BAB6FEFC2DA9F9B40089DCE7 /* Resources */ = {
			isa = PBXResourcesBuildPhase;
			buildActionMask = 2147483647;
			files = (
			);
			runOnlyForDeploymentPostprocessing = 0;
		};
		BAB6FF0C2DA9F9B60089DCE7 /* Resources */ = {
			isa = PBXResourcesBuildPhase;
			buildActionMask = 2147483647;
			files = (
			);
			runOnlyForDeploymentPostprocessing = 0;
		};
		BAB6FF162DA9F9B60089DCE7 /* Resources */ = {
			isa = PBXResourcesBuildPhase;
			buildActionMask = 2147483647;
			files = (
			);
			runOnlyForDeploymentPostprocessing = 0;
		};
/* End PBXResourcesBuildPhase section */

/* Begin PBXSourcesBuildPhase section */
		BAB6FEFA2DA9F9B40089DCE7 /* Sources */ = {
			isa = PBXSourcesBuildPhase;
			buildActionMask = 2147483647;
			files = (
			);
			runOnlyForDeploymentPostprocessing = 0;
		};
		BAB6FF0A2DA9F9B60089DCE7 /* Sources */ = {
			isa = PBXSourcesBuildPhase;
			buildActionMask = 2147483647;
			files = (
			);
			runOnlyForDeploymentPostprocessing = 0;
		};
		BAB6FF142DA9F9B60089DCE7 /* Sources */ = {
			isa = PBXSourcesBuildPhase;
			buildActionMask = 2147483647;
			files = (
			);
			runOnlyForDeploymentPostprocessing = 0;
		};
/* End PBXSourcesBuildPhase section */

/* Begin PBXTargetDependency section */
		BAB6FF102DA9F9B60089DCE7 /* PBXTargetDependency */ = {
			isa = PBXTargetDependency;
			target = BAB6FEFD2DA9F9B40089DCE7 /* My Epoch */;
			targetProxy = BAB6FF0F2DA9F9B60089DCE7 /* PBXContainerItemProxy */;
		};
		BAB6FF1A2DA9F9B60089DCE7 /* PBXTargetDependency */ = {
			isa = PBXTargetDependency;
			target = BAB6FEFD2DA9F9B40089DCE7 /* My Epoch */;
			targetProxy = BAB6FF192DA9F9B60089DCE7 /* PBXContainerItemProxy */;
		};
/* End PBXTargetDependency section */

/* Begin XCBuildConfiguration section */
		BAB6FF202DA9F9B60089DCE7 /* Debug */ = {
			isa = XCBuildConfiguration;
			buildSettings = {
				ALWAYS_SEARCH_USER_PATHS = NO;
				ASSETCATALOG_COMPILER_GENERATE_SWIFT_ASSET_SYMBOL_EXTENSIONS = YES;
				CLANG_ANALYZER_NONNULL = YES;
				CLANG_ANALYZER_NUMBER_OBJECT_CONVERSION = YES_AGGRESSIVE;
				CLANG_CXX_LANGUAGE_STANDARD = "gnu++20";
				CLANG_ENABLE_MODULES = YES;
				CLANG_ENABLE_OBJC_ARC = YES;
				CLANG_ENABLE_OBJC_WEAK = YES;
				CLANG_WARN_BLOCK_CAPTURE_AUTORELEASING = YES;
				CLANG_WARN_BOOL_CONVERSION = YES;
				CLANG_WARN_COMMA = YES;
				CLANG_WARN_CONSTANT_CONVERSION = YES;
				CLANG_WARN_DEPRECATED_OBJC_IMPLEMENTATIONS = YES;
				CLANG_WARN_DIRECT_OBJC_ISA_USAGE = YES_ERROR;
				CLANG_WARN_DOCUMENTATION_COMMENTS = YES;
				CLANG_WARN_EMPTY_BODY = YES;
				CLANG_WARN_ENUM_CONVERSION = YES;
				CLANG_WARN_INFINITE_RECURSION = YES;
				CLANG_WARN_INT_CONVERSION = YES;
				CLANG_WARN_NON_LITERAL_NULL_CONVERSION = YES;
				CLANG_WARN_OBJC_IMPLICIT_RETAIN_SELF = YES;
				CLANG_WARN_OBJC_LITERAL_CONVERSION = YES;
				CLANG_WARN_OBJC_ROOT_CLASS = YES_ERROR;
				CLANG_WARN_QUOTED_INCLUDE_IN_FRAMEWORK_HEADER = YES;
				CLANG_WARN_RANGE_LOOP_ANALYSIS = YES;
				CLANG_WARN_STRICT_PROTOTYPES = YES;
				CLANG_WARN_SUSPICIOUS_MOVE = YES;
				CLANG_WARN_UNGUARDED_AVAILABILITY = YES_AGGRESSIVE;
				CLANG_WARN_UNREACHABLE_CODE = YES;
				CLANG_WARN__DUPLICATE_METHOD_MATCH = YES;
				COPY_PHASE_STRIP = NO;
				DEBUG_INFORMATION_FORMAT = dwarf;
				ENABLE_STRICT_OBJC_MSGSEND = YES;
				ENABLE_TESTABILITY = YES;
				ENABLE_USER_SCRIPT_SANDBOXING = YES;
				GCC_C_LANGUAGE_STANDARD = gnu17;
				GCC_DYNAMIC_NO_PIC = NO;
				GCC_NO_COMMON_BLOCKS = YES;
				GCC_OPTIMIZATION_LEVEL = 0;
				GCC_PREPROCESSOR_DEFINITIONS = (
					"DEBUG=1",
					"$(inherited)",
				);
				GCC_WARN_64_TO_32_BIT_CONVERSION = YES;
				GCC_WARN_ABOUT_RETURN_TYPE = YES_ERROR;
				GCC_WARN_UNDECLARED_SELECTOR = YES;
				GCC_WARN_UNINITIALIZED_AUTOS = YES_AGGRESSIVE;
				GCC_WARN_UNUSED_FUNCTION = YES;
				GCC_WARN_UNUSED_VARIABLE = YES;
				IPHONEOS_DEPLOYMENT_TARGET = 18.2;
				LOCALIZATION_PREFERS_STRING_CATALOGS = YES;
				MTL_ENABLE_DEBUG_INFO = INCLUDE_SOURCE;
				MTL_FAST_MATH = YES;
				ONLY_ACTIVE_ARCH = YES;
				SDKROOT = iphoneos;
				SWIFT_ACTIVE_COMPILATION_CONDITIONS = "DEBUG $(inherited)";
				SWIFT_OPTIMIZATION_LEVEL = "-Onone";
			};
			name = Debug;
		};
		BAB6FF212DA9F9B60089DCE7 /* Release */ = {
			isa = XCBuildConfiguration;
			buildSettings = {
				ALWAYS_SEARCH_USER_PATHS = NO;
				ASSETCATALOG_COMPILER_GENERATE_SWIFT_ASSET_SYMBOL_EXTENSIONS = YES;
				CLANG_ANALYZER_NONNULL = YES;
				CLANG_ANALYZER_NUMBER_OBJECT_CONVERSION = YES_AGGRESSIVE;
				CLANG_CXX_LANGUAGE_STANDARD = "gnu++20";
				CLANG_ENABLE_MODULES = YES;
				CLANG_ENABLE_OBJC_ARC = YES;
				CLANG_ENABLE_OBJC_WEAK = YES;
				CLANG_WARN_BLOCK_CAPTURE_AUTORELEASING = YES;
				CLANG_WARN_BOOL_CONVERSION = YES;
				CLANG_WARN_COMMA = YES;
				CLANG_WARN_CONSTANT_CONVERSION = YES;
				CLANG_WARN_DEPRECATED_OBJC_IMPLEMENTATIONS = YES;
				CLANG_WARN_DIRECT_OBJC_ISA_USAGE = YES_ERROR;
				CLANG_WARN_DOCUMENTATION_COMMENTS = YES;
				CLANG_WARN_EMPTY_BODY = YES;
				CLANG_WARN_ENUM_CONVERSION = YES;
				CLANG_WARN_INFINITE_RECURSION = YES;
				CLANG_WARN_INT_CONVERSION = YES;
				CLANG_WARN_NON_LITERAL_NULL_CONVERSION = YES;
				CLANG_WARN_OBJC_IMPLICIT_RETAIN_SELF = YES;
				CLANG_WARN_OBJC_LITERAL_CONVERSION = YES;
				CLANG_WARN_OBJC_ROOT_CLASS = YES_ERROR;
				CLANG_WARN_QUOTED_INCLUDE_IN_FRAMEWORK_HEADER = YES;
				CLANG_WARN_RANGE_LOOP_ANALYSIS = YES;
				CLANG_WARN_STRICT_PROTOTYPES = YES;
				CLANG_WARN_SUSPICIOUS_MOVE = YES;
				CLANG_WARN_UNGUARDED_AVAILABILITY = YES_AGGRESSIVE;
				CLANG_WARN_UNREACHABLE_CODE = YES;
				CLANG_WARN__DUPLICATE_METHOD_MATCH = YES;
				COPY_PHASE_STRIP = NO;
				DEBUG_INFORMATION_FORMAT = "dwarf-with-dsym";
				ENABLE_NS_ASSERTIONS = NO;
				ENABLE_STRICT_OBJC_MSGSEND = YES;
				ENABLE_USER_SCRIPT_SANDBOXING = YES;
				GCC_C_LANGUAGE_STANDARD = gnu17;
				GCC_NO_COMMON_BLOCKS = YES;
				GCC_WARN_64_TO_32_BIT_CONVERSION = YES;
				GCC_WARN_ABOUT_RETURN_TYPE = YES_ERROR;
				GCC_WARN_UNDECLARED_SELECTOR = YES;
				GCC_WARN_UNINITIALIZED_AUTOS = YES_AGGRESSIVE;
				GCC_WARN_UNUSED_FUNCTION = YES;
				GCC_WARN_UNUSED_VARIABLE = YES;
				IPHONEOS_DEPLOYMENT_TARGET = 18.2;
				LOCALIZATION_PREFERS_STRING_CATALOGS = YES;
				MTL_ENABLE_DEBUG_INFO = NO;
				MTL_FAST_MATH = YES;
				SDKROOT = iphoneos;
				SWIFT_COMPILATION_MODE = wholemodule;
				VALIDATE_PRODUCT = YES;
			};
			name = Release;
		};
		BAB6FF232DA9F9B60089DCE7 /* Debug */ = {
			isa = XCBuildConfiguration;
			buildSettings = {
				ASSETCATALOG_COMPILER_APPICON_NAME = AppIcon;
				ASSETCATALOG_COMPILER_GLOBAL_ACCENT_COLOR_NAME = AccentColor;
				CODE_SIGN_STYLE = Automatic;
				CURRENT_PROJECT_VERSION = 1;
				DEVELOPMENT_ASSET_PATHS = "\"My Epoch/Preview Content\"";
				DEVELOPMENT_TEAM = 24Q4BUFGA7;
				ENABLE_PREVIEWS = YES;
				GENERATE_INFOPLIST_FILE = YES;
				INFOPLIST_KEY_UIApplicationSceneManifest_Generation = YES;
				INFOPLIST_KEY_UIApplicationSupportsIndirectInputEvents = YES;
				INFOPLIST_KEY_UILaunchScreen_Generation = YES;
				INFOPLIST_KEY_UISupportedInterfaceOrientations = UIInterfaceOrientationPortrait;
				INFOPLIST_KEY_UISupportedInterfaceOrientations_iPad = "UIInterfaceOrientationLandscapeLeft UIInterfaceOrientationLandscapeRight UIInterfaceOrientationPortrait UIInterfaceOrientationPortraitUpsideDown";
				LD_RUNPATH_SEARCH_PATHS = (
					"$(inherited)",
					"@executable_path/Frameworks",
				);
				MARKETING_VERSION = DEVELOPMENT;
				PRODUCT_BUNDLE_IDENTIFIER = "HenryVeedahl.My-Epoch";
				PRODUCT_NAME = "$(TARGET_NAME)";
				SUPPORTED_PLATFORMS = "iphoneos iphonesimulator";
				SUPPORTS_MACCATALYST = NO;
				SUPPORTS_MAC_DESIGNED_FOR_IPHONE_IPAD = NO;
				SUPPORTS_XR_DESIGNED_FOR_IPHONE_IPAD = NO;
				SWIFT_EMIT_LOC_STRINGS = YES;
				SWIFT_VERSION = 5.0;
				TARGETED_DEVICE_FAMILY = 1;
			};
			name = Debug;
		};
		BAB6FF242DA9F9B60089DCE7 /* Release */ = {
			isa = XCBuildConfiguration;
			buildSettings = {
				ASSETCATALOG_COMPILER_APPICON_NAME = AppIcon;
				ASSETCATALOG_COMPILER_GLOBAL_ACCENT_COLOR_NAME = AccentColor;
				CODE_SIGN_STYLE = Automatic;
				CURRENT_PROJECT_VERSION = 1;
				DEVELOPMENT_ASSET_PATHS = "\"My Epoch/Preview Content\"";
				DEVELOPMENT_TEAM = 24Q4BUFGA7;
				ENABLE_PREVIEWS = YES;
				GENERATE_INFOPLIST_FILE = YES;
				INFOPLIST_KEY_UIApplicationSceneManifest_Generation = YES;
				INFOPLIST_KEY_UIApplicationSupportsIndirectInputEvents = YES;
				INFOPLIST_KEY_UILaunchScreen_Generation = YES;
				INFOPLIST_KEY_UISupportedInterfaceOrientations = UIInterfaceOrientationPortrait;
				INFOPLIST_KEY_UISupportedInterfaceOrientations_iPad = "UIInterfaceOrientationLandscapeLeft UIInterfaceOrientationLandscapeRight UIInterfaceOrientationPortrait UIInterfaceOrientationPortraitUpsideDown";
				LD_RUNPATH_SEARCH_PATHS = (
					"$(inherited)",
					"@executable_path/Frameworks",
				);
				MARKETING_VERSION = DEVELOPMENT;
				PRODUCT_BUNDLE_IDENTIFIER = "HenryVeedahl.My-Epoch";
				PRODUCT_NAME = "$(TARGET_NAME)";
				SUPPORTED_PLATFORMS = "iphoneos iphonesimulator";
				SUPPORTS_MACCATALYST = NO;
				SUPPORTS_MAC_DESIGNED_FOR_IPHONE_IPAD = NO;
				SUPPORTS_XR_DESIGNED_FOR_IPHONE_IPAD = NO;
				SWIFT_EMIT_LOC_STRINGS = YES;
				SWIFT_VERSION = 5.0;
				TARGETED_DEVICE_FAMILY = 1;
			};
			name = Release;
		};
		BAB6FF262DA9F9B60089DCE7 /* Debug */ = {
			isa = XCBuildConfiguration;
			buildSettings = {
				BUNDLE_LOADER = "$(TEST_HOST)";
				CODE_SIGN_STYLE = Automatic;
				CURRENT_PROJECT_VERSION = 1;
				DEVELOPMENT_TEAM = 24Q4BUFGA7;
				GENERATE_INFOPLIST_FILE = YES;
				IPHONEOS_DEPLOYMENT_TARGET = 18.2;
				MARKETING_VERSION = 1.0;
				PRODUCT_BUNDLE_IDENTIFIER = "HenryVeedahl.My-EpochTests";
				PRODUCT_NAME = "$(TARGET_NAME)";
				SWIFT_EMIT_LOC_STRINGS = NO;
				SWIFT_VERSION = 5.0;
				TARGETED_DEVICE_FAMILY = "1,2";
				TEST_HOST = "$(BUILT_PRODUCTS_DIR)/My Epoch.app/$(BUNDLE_EXECUTABLE_FOLDER_PATH)/My Epoch";
			};
			name = Debug;
		};
		BAB6FF272DA9F9B60089DCE7 /* Release */ = {
			isa = XCBuildConfiguration;
			buildSettings = {
				BUNDLE_LOADER = "$(TEST_HOST)";
				CODE_SIGN_STYLE = Automatic;
				CURRENT_PROJECT_VERSION = 1;
				DEVELOPMENT_TEAM = 24Q4BUFGA7;
				GENERATE_INFOPLIST_FILE = YES;
				IPHONEOS_DEPLOYMENT_TARGET = 18.2;
				MARKETING_VERSION = 1.0;
				PRODUCT_BUNDLE_IDENTIFIER = "HenryVeedahl.My-EpochTests";
				PRODUCT_NAME = "$(TARGET_NAME)";
				SWIFT_EMIT_LOC_STRINGS = NO;
				SWIFT_VERSION = 5.0;
				TARGETED_DEVICE_FAMILY = "1,2";
				TEST_HOST = "$(BUILT_PRODUCTS_DIR)/My Epoch.app/$(BUNDLE_EXECUTABLE_FOLDER_PATH)/My Epoch";
			};
			name = Release;
		};
		BAB6FF292DA9F9B60089DCE7 /* Debug */ = {
			isa = XCBuildConfiguration;
			buildSettings = {
				CODE_SIGN_STYLE = Automatic;
				CURRENT_PROJECT_VERSION = 1;
				DEVELOPMENT_TEAM = 24Q4BUFGA7;
				GENERATE_INFOPLIST_FILE = YES;
				MARKETING_VERSION = 1.0;
				PRODUCT_BUNDLE_IDENTIFIER = "HenryVeedahl.My-EpochUITests";
				PRODUCT_NAME = "$(TARGET_NAME)";
				SWIFT_EMIT_LOC_STRINGS = NO;
				SWIFT_VERSION = 5.0;
				TARGETED_DEVICE_FAMILY = "1,2";
				TEST_TARGET_NAME = "My Epoch";
			};
			name = Debug;
		};
		BAB6FF2A2DA9F9B60089DCE7 /* Release */ = {
			isa = XCBuildConfiguration;
			buildSettings = {
				CODE_SIGN_STYLE = Automatic;
				CURRENT_PROJECT_VERSION = 1;
				DEVELOPMENT_TEAM = 24Q4BUFGA7;
				GENERATE_INFOPLIST_FILE = YES;
				MARKETING_VERSION = 1.0;
				PRODUCT_BUNDLE_IDENTIFIER = "HenryVeedahl.My-EpochUITests";
				PRODUCT_NAME = "$(TARGET_NAME)";
				SWIFT_EMIT_LOC_STRINGS = NO;
				SWIFT_VERSION = 5.0;
				TARGETED_DEVICE_FAMILY = "1,2";
				TEST_TARGET_NAME = "My Epoch";
			};
			name = Release;
		};
/* End XCBuildConfiguration section */

/* Begin XCConfigurationList section */
		BAB6FEF92DA9F9B40089DCE7 /* Build configuration list for PBXProject "My Epoch" */ = {
			isa = XCConfigurationList;
			buildConfigurations = (
				BAB6FF202DA9F9B60089DCE7 /* Debug */,
				BAB6FF212DA9F9B60089DCE7 /* Release */,
			);
			defaultConfigurationIsVisible = 0;
			defaultConfigurationName = Release;
		};
		BAB6FF222DA9F9B60089DCE7 /* Build configuration list for PBXNativeTarget "My Epoch" */ = {
			isa = XCConfigurationList;
			buildConfigurations = (
				BAB6FF232DA9F9B60089DCE7 /* Debug */,
				BAB6FF242DA9F9B60089DCE7 /* Release */,
			);
			defaultConfigurationIsVisible = 0;
			defaultConfigurationName = Release;
		};
		BAB6FF252DA9F9B60089DCE7 /* Build configuration list for PBXNativeTarget "My EpochTests" */ = {
			isa = XCConfigurationList;
			buildConfigurations = (
				BAB6FF262DA9F9B60089DCE7 /* Debug */,
				BAB6FF272DA9F9B60089DCE7 /* Release */,
			);
			defaultConfigurationIsVisible = 0;
			defaultConfigurationName = Release;
		};
		BAB6FF282DA9F9B60089DCE7 /* Build configuration list for PBXNativeTarget "My EpochUITests" */ = {
			isa = XCConfigurationList;
			buildConfigurations = (
				BAB6FF292DA9F9B60089DCE7 /* Debug */,
				BAB6FF2A2DA9F9B60089DCE7 /* Release */,
			);
			defaultConfigurationIsVisible = 0;
			defaultConfigurationName = Release;
		};
/* End XCConfigurationList section */
	};
	rootObject = BAB6FEF62DA9F9B40089DCE7 /* Project object */;
}
